
Microsoft Visual Studio Solution File, Format Version 12.00
# Visual Studio Version 17
VisualStudioVersion = 17.0.32126.317
MinimumVisualStudioVersion = 10.0.40219.1
Project("{FAE04EC0-301F-11D3-BF4B-00C04F79EFBC}") = "YealinkConfig", "YealinkConfig\YealinkConfig.csproj", "{B2B8CF6E-B8D6-4F6C-96CD-1A8F8D038ED8}"
EndProject
Global
	GlobalSection(SolutionConfigurationPlatforms) = preSolution
		Debug|Any CPU = Debug|Any CPU
		Release|Any CPU = Release|Any CPU
	EndGlobalSection
	GlobalSection(ProjectConfigurationPlatforms) = postSolution
		{B2B8CF6E-B8D6-4F6C-96CD-1A8F8D038ED8}.Debug|Any CPU.ActiveCfg = Debug|Any CPU
		{B2B8CF6E-B8D6-4F6C-96CD-1A8F8D038ED8}.Debug|Any CPU.Build.0 = Debug|Any CPU
		{B2B8CF6E-B8D6-4F6C-96CD-1A8F8D038ED8}.Release|Any CPU.ActiveCfg = Release|Any CPU
		{B2B8CF6E-B8D6-4F6C-96CD-1A8F8D038ED8}.Release|Any CPU.Build.0 = Release|Any CPU
	EndGlobalSection
	GlobalSection(SolutionProperties) = preSolution
		HideSolutionNode = FALSE
	EndGlobalSection
	GlobalSection(ExtensibilityGlobals) = postSolution
		SolutionGuid = {4BB5489B-2856-4155-92E1-1D23C3D24F82}
	EndGlobalSection
EndGlobal
